
Microsoft Visual Studio Solution File, Format Version 12.00
# Visual Studio Version 16
VisualStudioVersion = 16.0.30907.101
MinimumVisualStudioVersion = 10.0.40219.1
Project("{9A19103F-16F7-4668-BE54-9A1E7A4F7556}") = "DataAccess", "DataAccess\DataAccess.csproj", "{7F3434D0-EFF8-440D-9758-119D5191C63E}"
EndProject
Project("{9A19103F-16F7-4668-BE54-9A1E7A4F7556}") = "Business", "Business\Business.csproj", "{06177D71-1A4B-4FC7-AB7D-C592471108BB}"
EndProject
Project("{9A19103F-16F7-4668-BE54-9A1E7A4F7556}") = "Entities", "Entities\Entities.csproj", "{A7FE236E-ADD1-4200-8CE9-0CE2725634CA}"
EndProject
Project("{9A19103F-16F7-4668-BE54-9A1E7A4F7556}") = "ConsoleUI", "ConsoleUI\ConsoleUI.csproj", "{5800C994-CE3A-4E15-AD69-9AFEDA2816F7}"
EndProject
Project("{9A19103F-16F7-4668-BE54-9A1E7A4F7556}") = "Core", "Core\Core.csproj", "{3525AB7C-F6A7-43D4-8194-B2108302E1F1}"
EndProject
Project("{9A19103F-16F7-4668-BE54-9A1E7A4F7556}") = "WebAPI", "WebAPI\WebAPI.csproj", "{180E129D-B716-4598-A4E8-CDF7702A6D8B}"
EndProject
Global
	GlobalSection(SolutionConfigurationPlatforms) = preSolution
		Debug|Any CPU = Debug|Any CPU
		Release|Any CPU = Release|Any CPU
	EndGlobalSection
	GlobalSection(ProjectConfigurationPlatforms) = postSolution
		{7F3434D0-EFF8-440D-9758-119D5191C63E}.Debug|Any CPU.ActiveCfg = Debug|Any CPU
		{7F3434D0-EFF8-440D-9758-119D5191C63E}.Debug|Any CPU.Build.0 = Debug|Any CPU
		{7F3434D0-EFF8-440D-9758-119D5191C63E}.Release|Any CPU.ActiveCfg = Release|Any CPU
		{7F3434D0-EFF8-440D-9758-119D5191C63E}.Release|Any CPU.Build.0 = Release|Any CPU
		{06177D71-1A4B-4FC7-AB7D-C592471108BB}.Debug|Any CPU.ActiveCfg = Debug|Any CPU
		{06177D71-1A4B-4FC7-AB7D-C592471108BB}.Debug|Any CPU.Build.0 = Debug|Any CPU
		{06177D71-1A4B-4FC7-AB7D-C592471108BB}.Release|Any CPU.ActiveCfg = Release|Any CPU
		{06177D71-1A4B-4FC7-AB7D-C592471108BB}.Release|Any CPU.Build.0 = Release|Any CPU
		{A7FE236E-ADD1-4200-8CE9-0CE2725634CA}.Debug|Any CPU.ActiveCfg = Debug|Any CPU
		{A7FE236E-ADD1-4200-8CE9-0CE2725634CA}.Debug|Any CPU.Build.0 = Debug|Any CPU
		{A7FE236E-ADD1-4200-8CE9-0CE2725634CA}.Release|Any CPU.ActiveCfg = Release|Any CPU
		{A7FE236E-ADD1-4200-8CE9-0CE2725634CA}.Release|Any CPU.Build.0 = Release|Any CPU
		{5800C994-CE3A-4E15-AD69-9AFEDA2816F7}.Debug|Any CPU.ActiveCfg = Debug|Any CPU
		{5800C994-CE3A-4E15-AD69-9AFEDA2816F7}.Debug|Any CPU.Build.0 = Debug|Any CPU
		{5800C994-CE3A-4E15-AD69-9AFEDA2816F7}.Release|Any CPU.ActiveCfg = Release|Any CPU
		{5800C994-CE3A-4E15-AD69-9AFEDA2816F7}.Release|Any CPU.Build.0 = Release|Any CPU
		{3525AB7C-F6A7-43D4-8194-B2108302E1F1}.Debug|Any CPU.ActiveCfg = Debug|Any CPU
		{3525AB7C-F6A7-43D4-8194-B2108302E1F1}.Debug|Any CPU.Build.0 = Debug|Any CPU
		{3525AB7C-F6A7-43D4-8194-B2108302E1F1}.Release|Any CPU.ActiveCfg = Release|Any CPU
		{3525AB7C-F6A7-43D4-8194-B2108302E1F1}.Release|Any CPU.Build.0 = Release|Any CPU
		{180E129D-B716-4598-A4E8-CDF7702A6D8B}.Debug|Any CPU.ActiveCfg = Debug|Any CPU
		{180E129D-B716-4598-A4E8-CDF7702A6D8B}.Debug|Any CPU.Build.0 = Debug|Any CPU
		{180E129D-B716-4598-A4E8-CDF7702A6D8B}.Release|Any CPU.ActiveCfg = Release|Any CPU
		{180E129D-B716-4598-A4E8-CDF7702A6D8B}.Release|Any CPU.Build.0 = Release|Any CPU
	EndGlobalSection
	GlobalSection(SolutionProperties) = preSolution
		HideSolutionNode = FALSE
	EndGlobalSection
	GlobalSection(ExtensibilityGlobals) = postSolution
		SolutionGuid = {C5465E06-F88D-4E02-BD74-5AF79B1F87AF}
	EndGlobalSection
EndGlobal
